# THIS IS AN AUTOGENERATED FILE. DO NOT EDIT THIS FILE DIRECTLY.
# yarn lockfile v1


lin-ui@^0.9.7:
  version "0.9.7"
  resolved "https://registry.yarnpkg.com/lin-ui/-/lin-ui-0.9.7.tgz#21a050ba8ce34eeeefcd104532b9d19ab1409997"
  integrity sha512-BUlPANwBOQ/Zfn5WNd1PCUIro6cRMOYzB6agDAwS+QC+96Rv7SplS9erwzsm0+rhlvnoHnwrSY1pOOpIQXvvog==
